
Microsoft Visual Studio Solution File, Format Version 12.00
# Visual Studio 2012
Project("{FAE04EC0-301F-11D3-BF4B-00C04F79EFBC}") = "CuoiKiLapTrinhWin10110139", "CuoiKiLapTrinhWin10110139\CuoiKiLapTrinhWin10110139.csproj", "{477C82AE-0B4B-4A3F-A16B-76FBAC1BD4DC}"
EndProject
Project("{FAE04EC0-301F-11D3-BF4B-00C04F79EFBC}") = "DataAccessLayer", "DataAccessLayer\DataAccessLayer.csproj", "{BFDBD2F4-5F34-4096-9699-38D765EEDA0A}"
EndProject
Project("{FAE04EC0-301F-11D3-BF4B-00C04F79EFBC}") = "BALayer", "BALayer\BALayer.csproj", "{5D24BAC4-CF63-4EFD-8AFF-4013DC932764}"
EndProject
Global
	GlobalSection(SolutionConfigurationPlatforms) = preSolution
		Debug|Any CPU = Debug|Any CPU
		Release|Any CPU = Release|Any CPU
	EndGlobalSection
	GlobalSection(ProjectConfigurationPlatforms) = postSolution
		{477C82AE-0B4B-4A3F-A16B-76FBAC1BD4DC}.Debug|Any CPU.ActiveCfg = Debug|Any CPU
		{477C82AE-0B4B-4A3F-A16B-76FBAC1BD4DC}.Debug|Any CPU.Build.0 = Debug|Any CPU
		{477C82AE-0B4B-4A3F-A16B-76FBAC1BD4DC}.Release|Any CPU.ActiveCfg = Release|Any CPU
		{477C82AE-0B4B-4A3F-A16B-76FBAC1BD4DC}.Release|Any CPU.Build.0 = Release|Any CPU
		{BFDBD2F4-5F34-4096-9699-38D765EEDA0A}.Debug|Any CPU.ActiveCfg = Debug|Any CPU
		{BFDBD2F4-5F34-4096-9699-38D765EEDA0A}.Debug|Any CPU.Build.0 = Debug|Any CPU
		{BFDBD2F4-5F34-4096-9699-38D765EEDA0A}.Release|Any CPU.ActiveCfg = Release|Any CPU
		{BFDBD2F4-5F34-4096-9699-38D765EEDA0A}.Release|Any CPU.Build.0 = Release|Any CPU
		{5D24BAC4-CF63-4EFD-8AFF-4013DC932764}.Debug|Any CPU.ActiveCfg = Debug|Any CPU
		{5D24BAC4-CF63-4EFD-8AFF-4013DC932764}.Debug|Any CPU.Build.0 = Debug|Any CPU
		{5D24BAC4-CF63-4EFD-8AFF-4013DC932764}.Release|Any CPU.ActiveCfg = Release|Any CPU
		{5D24BAC4-CF63-4EFD-8AFF-4013DC932764}.Release|Any CPU.Build.0 = Release|Any CPU
	EndGlobalSection
	GlobalSection(SolutionProperties) = preSolution
		HideSolutionNode = FALSE
	EndGlobalSection
EndGlobal
